
Microsoft Visual Studio Solution File, Format Version 12.00
# Visual Studio 2013
VisualStudioVersion = 12.0.40629.0
MinimumVisualStudioVersion = 10.0.40219.1
Project("{FAE04EC0-301F-11D3-BF4B-00C04F79EFBC}") = "CakesPos", "CakesPos\CakesPos.csproj", "{86EA29D2-9A84-48B5-A904-7D477B95382B}"
EndProject
Project("{FAE04EC0-301F-11D3-BF4B-00C04F79EFBC}") = "CakesPos.Data", "CakesPos.Data\CakesPos.Data.csproj", "{B2989967-453F-4858-92B9-047FD59FB3BC}"
EndProject
Project("{FAE04EC0-301F-11D3-BF4B-00C04F79EFBC}") = "Authentications.Data", "Authentications.Data\Authentications.Data.csproj", "{8A338EE3-9092-44A7-ACD5-AB506562A773}"
EndProject
Global
	GlobalSection(SolutionConfigurationPlatforms) = preSolution
		Debug|Any CPU = Debug|Any CPU
		Release|Any CPU = Release|Any CPU
	EndGlobalSection
	GlobalSection(ProjectConfigurationPlatforms) = postSolution
		{86EA29D2-9A84-48B5-A904-7D477B95382B}.Debug|Any CPU.ActiveCfg = Debug|Any CPU
		{86EA29D2-9A84-48B5-A904-7D477B95382B}.Debug|Any CPU.Build.0 = Debug|Any CPU
		{86EA29D2-9A84-48B5-A904-7D477B95382B}.Release|Any CPU.ActiveCfg = Release|Any CPU
		{86EA29D2-9A84-48B5-A904-7D477B95382B}.Release|Any CPU.Build.0 = Release|Any CPU
		{B2989967-453F-4858-92B9-047FD59FB3BC}.Debug|Any CPU.ActiveCfg = Debug|Any CPU
		{B2989967-453F-4858-92B9-047FD59FB3BC}.Debug|Any CPU.Build.0 = Debug|Any CPU
		{B2989967-453F-4858-92B9-047FD59FB3BC}.Release|Any CPU.ActiveCfg = Release|Any CPU
		{B2989967-453F-4858-92B9-047FD59FB3BC}.Release|Any CPU.Build.0 = Release|Any CPU
		{8A338EE3-9092-44A7-ACD5-AB506562A773}.Debug|Any CPU.ActiveCfg = Debug|Any CPU
		{8A338EE3-9092-44A7-ACD5-AB506562A773}.Debug|Any CPU.Build.0 = Debug|Any CPU
		{8A338EE3-9092-44A7-ACD5-AB506562A773}.Release|Any CPU.ActiveCfg = Release|Any CPU
		{8A338EE3-9092-44A7-ACD5-AB506562A773}.Release|Any CPU.Build.0 = Release|Any CPU
	EndGlobalSection
	GlobalSection(SolutionProperties) = preSolution
		HideSolutionNode = FALSE
	EndGlobalSection
EndGlobal
